
Microsoft Visual Studio Solution File, Format Version 12.00
# Visual Studio Version 17
VisualStudioVersion = 17.10.35027.167
MinimumVisualStudioVersion = 10.0.40219.1
Project("{FAE04EC0-301F-11D3-BF4B-00C04F79EFBC}") = "WpfAppAutorisation", "WpfAppAutorisation.csproj", "{94B86A4F-623C-40B7-9949-222C917BEF01}"
EndProject
Global
	GlobalSection(SolutionConfigurationPlatforms) = preSolution
		Debug|Any CPU = Debug|Any CPU
		Release|Any CPU = Release|Any CPU
	EndGlobalSection
	GlobalSection(ProjectConfigurationPlatforms) = postSolution
		{94B86A4F-623C-40B7-9949-222C917BEF01}.Debug|Any CPU.ActiveCfg = Debug|Any CPU
		{94B86A4F-623C-40B7-9949-222C917BEF01}.Debug|Any CPU.Build.0 = Debug|Any CPU
		{94B86A4F-623C-40B7-9949-222C917BEF01}.Release|Any CPU.ActiveCfg = Release|Any CPU
		{94B86A4F-623C-40B7-9949-222C917BEF01}.Release|Any CPU.Build.0 = Release|Any CPU
	EndGlobalSection
	GlobalSection(SolutionProperties) = preSolution
		HideSolutionNode = FALSE
	EndGlobalSection
	GlobalSection(ExtensibilityGlobals) = postSolution
		SolutionGuid = {D431AE63-D4FF-4638-95AA-03268D5B9738}
	EndGlobalSection
EndGlobal
